
Microsoft Visual Studio Solution File, Format Version 12.00
# Visual Studio Version 17
VisualStudioVersion = 17.0.31903.59
MinimumVisualStudioVersion = 10.0.40219.1
Project("{2150E333-8FDC-42A3-9474-1A3956D46DE8}") = "src", "src", "{827E0CD3-B72D-47B6-A68D-7590B98EB39B}"
EndProject
Project("{2150E333-8FDC-42A3-9474-1A3956D46DE8}") = "Presentation", "Presentation", "{6996BBF7-DB31-59BC-C7DD-9A7CCC6138C4}"
EndProject
Project("{FAE04EC0-301F-11D3-BF4B-00C04F79EFBC}") = "MapEditor.Presentation", "src\Presentation\MapEditor.Presentation.csproj", "{2D8EF677-9790-47F5-AD22-DB0FEF18CF1D}"
EndProject
Project("{2150E333-8FDC-42A3-9474-1A3956D46DE8}") = "Domain", "Domain", "{8B290487-4C16-E85E-E807-F579CBE9FC4D}"
EndProject
Project("{FAE04EC0-301F-11D3-BF4B-00C04F79EFBC}") = "MapEditor.Domain", "src\Domain\MapEditor.Domain.csproj", "{CB3736C5-D6A2-4C6B-84A7-E1D6A2FD32A9}"
EndProject
Project("{2150E333-8FDC-42A3-9474-1A3956D46DE8}") = "Application", "Application", "{22BAF98C-8415-17C4-B26A-D537657BC863}"
EndProject
Project("{FAE04EC0-301F-11D3-BF4B-00C04F79EFBC}") = "MapEditor.Application", "src\Application\MapEditor.Application.csproj", "{3A32B5DC-CA63-4AFD-BDAE-0072EA11FFAD}"
EndProject
Project("{2150E333-8FDC-42A3-9474-1A3956D46DE8}") = "Infrastructure", "Infrastructure", "{9048EB7F-3875-A59E-E36B-5BD4C6F2A282}"
EndProject
Project("{FAE04EC0-301F-11D3-BF4B-00C04F79EFBC}") = "MapEditor.Infrastructure", "src\Infrastructure\MapEditor.Infrastructure.csproj", "{1F6111D6-194F-4D15-9990-3DC8C7A37AF7}"
EndProject
Project("{2150E333-8FDC-42A3-9474-1A3956D46DE8}") = "tests", "tests", "{0AB3BF05-4346-4AA6-1389-037BE0695223}"
EndProject
Project("{2150E333-8FDC-42A3-9474-1A3956D46DE8}") = "Unit", "Unit", "{9D556B49-86D1-93A7-9596-FFAAB74EC556}"
EndProject
Project("{FAE04EC0-301F-11D3-BF4B-00C04F79EFBC}") = "MapEditor.Tests", "tests\Unit\MapEditor.Tests.csproj", "{FD3EAC7D-817B-427A-B021-6F3807806E74}"
EndProject
Global
	GlobalSection(SolutionConfigurationPlatforms) = preSolution
		Debug|Any CPU = Debug|Any CPU
		Debug|x64 = Debug|x64
		Debug|x86 = Debug|x86
		Release|Any CPU = Release|Any CPU
		Release|x64 = Release|x64
		Release|x86 = Release|x86
	EndGlobalSection
	GlobalSection(ProjectConfigurationPlatforms) = postSolution
		{2D8EF677-9790-47F5-AD22-DB0FEF18CF1D}.Debug|Any CPU.ActiveCfg = Debug|Any CPU
		{2D8EF677-9790-47F5-AD22-DB0FEF18CF1D}.Debug|Any CPU.Build.0 = Debug|Any CPU
		{2D8EF677-9790-47F5-AD22-DB0FEF18CF1D}.Debug|x64.ActiveCfg = Debug|Any CPU
		{2D8EF677-9790-47F5-AD22-DB0FEF18CF1D}.Debug|x64.Build.0 = Debug|Any CPU
		{2D8EF677-9790-47F5-AD22-DB0FEF18CF1D}.Debug|x86.ActiveCfg = Debug|Any CPU
		{2D8EF677-9790-47F5-AD22-DB0FEF18CF1D}.Debug|x86.Build.0 = Debug|Any CPU
		{2D8EF677-9790-47F5-AD22-DB0FEF18CF1D}.Release|Any CPU.ActiveCfg = Release|Any CPU
		{2D8EF677-9790-47F5-AD22-DB0FEF18CF1D}.Release|Any CPU.Build.0 = Release|Any CPU
		{2D8EF677-9790-47F5-AD22-DB0FEF18CF1D}.Release|x64.ActiveCfg = Release|Any CPU
		{2D8EF677-9790-47F5-AD22-DB0FEF18CF1D}.Release|x64.Build.0 = Release|Any CPU
		{2D8EF677-9790-47F5-AD22-DB0FEF18CF1D}.Release|x86.ActiveCfg = Release|Any CPU
		{2D8EF677-9790-47F5-AD22-DB0FEF18CF1D}.Release|x86.Build.0 = Release|Any CPU
		{CB3736C5-D6A2-4C6B-84A7-E1D6A2FD32A9}.Debug|Any CPU.ActiveCfg = Debug|Any CPU
		{CB3736C5-D6A2-4C6B-84A7-E1D6A2FD32A9}.Debug|Any CPU.Build.0 = Debug|Any CPU
		{CB3736C5-D6A2-4C6B-84A7-E1D6A2FD32A9}.Debug|x64.ActiveCfg = Debug|Any CPU
		{CB3736C5-D6A2-4C6B-84A7-E1D6A2FD32A9}.Debug|x64.Build.0 = Debug|Any CPU
		{CB3736C5-D6A2-4C6B-84A7-E1D6A2FD32A9}.Debug|x86.ActiveCfg = Debug|Any CPU
		{CB3736C5-D6A2-4C6B-84A7-E1D6A2FD32A9}.Debug|x86.Build.0 = Debug|Any CPU
		{CB3736C5-D6A2-4C6B-84A7-E1D6A2FD32A9}.Release|Any CPU.ActiveCfg = Release|Any CPU
		{CB3736C5-D6A2-4C6B-84A7-E1D6A2FD32A9}.Release|Any CPU.Build.0 = Release|Any CPU
		{CB3736C5-D6A2-4C6B-84A7-E1D6A2FD32A9}.Release|x64.ActiveCfg = Release|Any CPU
		{CB3736C5-D6A2-4C6B-84A7-E1D6A2FD32A9}.Release|x64.Build.0 = Release|Any CPU
		{CB3736C5-D6A2-4C6B-84A7-E1D6A2FD32A9}.Release|x86.ActiveCfg = Release|Any CPU
		{CB3736C5-D6A2-4C6B-84A7-E1D6A2FD32A9}.Release|x86.Build.0 = Release|Any CPU
		{3A32B5DC-CA63-4AFD-BDAE-0072EA11FFAD}.Debug|Any CPU.ActiveCfg = Debug|Any CPU
		{3A32B5DC-CA63-4AFD-BDAE-0072EA11FFAD}.Debug|Any CPU.Build.0 = Debug|Any CPU
		{3A32B5DC-CA63-4AFD-BDAE-0072EA11FFAD}.Debug|x64.ActiveCfg = Debug|Any CPU
		{3A32B5DC-CA63-4AFD-BDAE-0072EA11FFAD}.Debug|x64.Build.0 = Debug|Any CPU
		{3A32B5DC-CA63-4AFD-BDAE-0072EA11FFAD}.Debug|x86.ActiveCfg = Debug|Any CPU
		{3A32B5DC-CA63-4AFD-BDAE-0072EA11FFAD}.Debug|x86.Build.0 = Debug|Any CPU
		{3A32B5DC-CA63-4AFD-BDAE-0072EA11FFAD}.Release|Any CPU.ActiveCfg = Release|Any CPU
		{3A32B5DC-CA63-4AFD-BDAE-0072EA11FFAD}.Release|Any CPU.Build.0 = Release|Any CPU
		{3A32B5DC-CA63-4AFD-BDAE-0072EA11FFAD}.Release|x64.ActiveCfg = Release|Any CPU
		{3A32B5DC-CA63-4AFD-BDAE-0072EA11FFAD}.Release|x64.Build.0 = Release|Any CPU
		{3A32B5DC-CA63-4AFD-BDAE-0072EA11FFAD}.Release|x86.ActiveCfg = Release|Any CPU
		{3A32B5DC-CA63-4AFD-BDAE-0072EA11FFAD}.Release|x86.Build.0 = Release|Any CPU
		{1F6111D6-194F-4D15-9990-3DC8C7A37AF7}.Debug|Any CPU.ActiveCfg = Debug|Any CPU
		{1F6111D6-194F-4D15-9990-3DC8C7A37AF7}.Debug|Any CPU.Build.0 = Debug|Any CPU
		{1F6111D6-194F-4D15-9990-3DC8C7A37AF7}.Debug|x64.ActiveCfg = Debug|Any CPU
		{1F6111D6-194F-4D15-9990-3DC8C7A37AF7}.Debug|x64.Build.0 = Debug|Any CPU
		{1F6111D6-194F-4D15-9990-3DC8C7A37AF7}.Debug|x86.ActiveCfg = Debug|Any CPU
		{1F6111D6-194F-4D15-9990-3DC8C7A37AF7}.Debug|x86.Build.0 = Debug|Any CPU
		{1F6111D6-194F-4D15-9990-3DC8C7A37AF7}.Release|Any CPU.ActiveCfg = Release|Any CPU
		{1F6111D6-194F-4D15-9990-3DC8C7A37AF7}.Release|Any CPU.Build.0 = Release|Any CPU
		{1F6111D6-194F-4D15-9990-3DC8C7A37AF7}.Release|x64.ActiveCfg = Release|Any CPU
		{1F6111D6-194F-4D15-9990-3DC8C7A37AF7}.Release|x64.Build.0 = Release|Any CPU
		{1F6111D6-194F-4D15-9990-3DC8C7A37AF7}.Release|x86.ActiveCfg = Release|Any CPU
		{1F6111D6-194F-4D15-9990-3DC8C7A37AF7}.Release|x86.Build.0 = Release|Any CPU
		{FD3EAC7D-817B-427A-B021-6F3807806E74}.Debug|Any CPU.ActiveCfg = Debug|Any CPU
		{FD3EAC7D-817B-427A-B021-6F3807806E74}.Debug|Any CPU.Build.0 = Debug|Any CPU
		{FD3EAC7D-817B-427A-B021-6F3807806E74}.Debug|x64.ActiveCfg = Debug|Any CPU
		{FD3EAC7D-817B-427A-B021-6F3807806E74}.Debug|x64.Build.0 = Debug|Any CPU
		{FD3EAC7D-817B-427A-B021-6F3807806E74}.Debug|x86.ActiveCfg = Debug|Any CPU
		{FD3EAC7D-817B-427A-B021-6F3807806E74}.Debug|x86.Build.0 = Debug|Any CPU
		{FD3EAC7D-817B-427A-B021-6F3807806E74}.Release|Any CPU.ActiveCfg = Release|Any CPU
		{FD3EAC7D-817B-427A-B021-6F3807806E74}.Release|Any CPU.Build.0 = Release|Any CPU
		{FD3EAC7D-817B-427A-B021-6F3807806E74}.Release|x64.ActiveCfg = Release|Any CPU
		{FD3EAC7D-817B-427A-B021-6F3807806E74}.Release|x64.Build.0 = Release|Any CPU
		{FD3EAC7D-817B-427A-B021-6F3807806E74}.Release|x86.ActiveCfg = Release|Any CPU
		{FD3EAC7D-817B-427A-B021-6F3807806E74}.Release|x86.Build.0 = Release|Any CPU
	EndGlobalSection
	GlobalSection(SolutionProperties) = preSolution
		HideSolutionNode = FALSE
	EndGlobalSection
	GlobalSection(NestedProjects) = preSolution
		{6996BBF7-DB31-59BC-C7DD-9A7CCC6138C4} = {827E0CD3-B72D-47B6-A68D-7590B98EB39B}
		{2D8EF677-9790-47F5-AD22-DB0FEF18CF1D} = {6996BBF7-DB31-59BC-C7DD-9A7CCC6138C4}
		{8B290487-4C16-E85E-E807-F579CBE9FC4D} = {827E0CD3-B72D-47B6-A68D-7590B98EB39B}
		{CB3736C5-D6A2-4C6B-84A7-E1D6A2FD32A9} = {8B290487-4C16-E85E-E807-F579CBE9FC4D}
		{22BAF98C-8415-17C4-B26A-D537657BC863} = {827E0CD3-B72D-47B6-A68D-7590B98EB39B}
		{3A32B5DC-CA63-4AFD-BDAE-0072EA11FFAD} = {22BAF98C-8415-17C4-B26A-D537657BC863}
		{9048EB7F-3875-A59E-E36B-5BD4C6F2A282} = {827E0CD3-B72D-47B6-A68D-7590B98EB39B}
		{1F6111D6-194F-4D15-9990-3DC8C7A37AF7} = {9048EB7F-3875-A59E-E36B-5BD4C6F2A282}
		{9D556B49-86D1-93A7-9596-FFAAB74EC556} = {0AB3BF05-4346-4AA6-1389-037BE0695223}
		{FD3EAC7D-817B-427A-B021-6F3807806E74} = {9D556B49-86D1-93A7-9596-FFAAB74EC556}
	EndGlobalSection
EndGlobal
